schema: '2.0'
stages:
  preprocess:
    cmd: python src/preprocess.py
    deps:
    - path: data/raw/data.csv
      hash: md5
      md5: 739f3c9177b13d1c15aa060046cfb023
      size: 23872
    - path: src/preprocess.py
      hash: md5
      md5: a60cb8a77bb25ef12ad525fc6e78719e
      size: 489
    params:
      params.yaml:
        preprocess.input_data: data/raw/data.csv
        preprocess.output_data: data/processed/data.csv
    outs:
    - path: data/processed/data.csv
      hash: md5
      md5: 478f6c9945e87f23d6e32638adf17e50
      size: 23960
  train:
    cmd: python src/train.py
    deps:
    - path: data/raw/data.csv
      hash: md5
      md5: 739f3c9177b13d1c15aa060046cfb023
      size: 23872
    - path: src/train.py
      hash: md5
      md5: 624db1296880924103cd04f3b0e6ad19
      size: 3263
    params:
      params.yaml:
        train.data: data/raw/data.csv
        train.max_depth: 5
        train.model_path: models/model.pkl
        train.n_estimators: 100
        train.random_state: 42
    outs:
    - path: models/model.pkl
      hash: md5
      md5: 529012be58e93056befb3202750d8b4a
      size: 1416333
  evaluate:
    cmd: python src/evaluate.py
    deps:
    - path: data/raw/data.csv
      hash: md5
      md5: 739f3c9177b13d1c15aa060046cfb023
      size: 23872
    - path: models/model.pkl
      hash: md5
      md5: 529012be58e93056befb3202750d8b4a
      size: 1416333
    - path: src/evaluate.py
      hash: md5
      md5: 3e49ea083882139975b34fa01a4dbf80
      size: 1173
